
Microsoft Visual Studio Solution File, Format Version 12.00
# Visual Studio 15
VisualStudioVersion = 15.0.26228.9
MinimumVisualStudioVersion = 10.0.40219.1
Project("{FAE04EC0-301F-11D3-BF4B-00C04F79EFBC}") = "VidlyTutorial", "VidlyTutorial\VidlyTutorial.csproj", "{CDA903EC-1838-4BA3-9552-FF9BCDDC12AD}"
EndProject
Project("{FAE04EC0-301F-11D3-BF4B-00C04F79EFBC}") = "WebApi", "WebApi\WebApi.csproj", "{2136D3FB-6631-4F3F-96C8-D887899079C3}"
EndProject
Global
	GlobalSection(SolutionConfigurationPlatforms) = preSolution
		Debug|Any CPU = Debug|Any CPU
		Release|Any CPU = Release|Any CPU
	EndGlobalSection
	GlobalSection(ProjectConfigurationPlatforms) = postSolution
		{CDA903EC-1838-4BA3-9552-FF9BCDDC12AD}.Debug|Any CPU.ActiveCfg = Debug|Any CPU
		{CDA903EC-1838-4BA3-9552-FF9BCDDC12AD}.Debug|Any CPU.Build.0 = Debug|Any CPU
		{CDA903EC-1838-4BA3-9552-FF9BCDDC12AD}.Release|Any CPU.ActiveCfg = Release|Any CPU
		{CDA903EC-1838-4BA3-9552-FF9BCDDC12AD}.Release|Any CPU.Build.0 = Release|Any CPU
		{2136D3FB-6631-4F3F-96C8-D887899079C3}.Debug|Any CPU.ActiveCfg = Debug|Any CPU
		{2136D3FB-6631-4F3F-96C8-D887899079C3}.Debug|Any CPU.Build.0 = Debug|Any CPU
		{2136D3FB-6631-4F3F-96C8-D887899079C3}.Release|Any CPU.ActiveCfg = Release|Any CPU
		{2136D3FB-6631-4F3F-96C8-D887899079C3}.Release|Any CPU.Build.0 = Release|Any CPU
	EndGlobalSection
	GlobalSection(SolutionProperties) = preSolution
		HideSolutionNode = FALSE
	EndGlobalSection
	GlobalSection(ExtensibilityGlobals) = postSolution
		SolutionGuid = {141EC16D-6533-400D-9491-FFFA8B3AA98A}
	EndGlobalSection
EndGlobal
